{
  "name": "fablethermochess-tests",
  "lockfileVersion": 3,
  "requires": true,
  "packages": {
    "": {
      "name": "fablethermochess-tests",
      "dependencies": {
        "stockfish": "^18.0.0"
      }
    },
    "node_modules/stockfish": {
      "version": "18.0.8",
      "resolved": "https://registry.npmjs.org/stockfish/-/stockfish-18.0.8.tgz",
      "integrity": "sha512-z+f2UMPXLylDBGjv9e9zU8QulY7hUl8MYHesLRrdddewlOXjJrUSmtNmbtID1/F72EPhq0CCkCNxgWS5MQVWtQ==",
      "hasInstallScript": true,
      "license": "GPL-3.0",
      "bin": {
        "stockfish": "scripts/cli.js"
      }
    }
  }
}
